
Microsoft Visual Studio Solution File, Format Version 12.00
# Visual Studio 15
VisualStudioVersion = 15.0.28010.2046
MinimumVisualStudioVersion = 10.0.40219.1
Project("{8BC9CEB8-8B4A-11D0-8D11-00A0C91BC942}") = "Lab7", "Lab7\Lab7.vcxproj", "{E94E1ECE-1136-4713-8040-008DE453EC8F}"
EndProject
Global
	GlobalSection(SolutionConfigurationPlatforms) = preSolution
		Debug|x64 = Debug|x64
		Debug|x86 = Debug|x86
		Release|x64 = Release|x64
		Release|x86 = Release|x86
	EndGlobalSection
	GlobalSection(ProjectConfigurationPlatforms) = postSolution
		{E94E1ECE-1136-4713-8040-008DE453EC8F}.Debug|x64.ActiveCfg = Debug|x64
		{E94E1ECE-1136-4713-8040-008DE453EC8F}.Debug|x64.Build.0 = Debug|x64
		{E94E1ECE-1136-4713-8040-008DE453EC8F}.Debug|x86.ActiveCfg = Debug|Win32
		{E94E1ECE-1136-4713-8040-008DE453EC8F}.Debug|x86.Build.0 = Debug|Win32
		{E94E1ECE-1136-4713-8040-008DE453EC8F}.Release|x64.ActiveCfg = Release|x64
		{E94E1ECE-1136-4713-8040-008DE453EC8F}.Release|x64.Build.0 = Release|x64
		{E94E1ECE-1136-4713-8040-008DE453EC8F}.Release|x86.ActiveCfg = Release|Win32
		{E94E1ECE-1136-4713-8040-008DE453EC8F}.Release|x86.Build.0 = Release|Win32
	EndGlobalSection
	GlobalSection(SolutionProperties) = preSolution
		HideSolutionNode = FALSE
	EndGlobalSection
	GlobalSection(ExtensibilityGlobals) = postSolution
		SolutionGuid = {4C83138D-4796-43A4-9C80-D665CDD1F0F9}
	EndGlobalSection
EndGlobal
