
Microsoft Visual Studio Solution File, Format Version 12.00
# Visual Studio 15
VisualStudioVersion = 15.0.28010.2019
MinimumVisualStudioVersion = 10.0.40219.1
Project("{8BC9CEB8-8B4A-11D0-8D11-00A0C91BC942}") = "Lab1", "Lab1\Lab1.vcxproj", "{304962F6-F7F6-493A-9BC1-7D39F411EB8A}"
EndProject
Global
	GlobalSection(SolutionConfigurationPlatforms) = preSolution
		Debug|x64 = Debug|x64
		Debug|x86 = Debug|x86
		Release|x64 = Release|x64
		Release|x86 = Release|x86
	EndGlobalSection
	GlobalSection(ProjectConfigurationPlatforms) = postSolution
		{304962F6-F7F6-493A-9BC1-7D39F411EB8A}.Debug|x64.ActiveCfg = Debug|x64
		{304962F6-F7F6-493A-9BC1-7D39F411EB8A}.Debug|x64.Build.0 = Debug|x64
		{304962F6-F7F6-493A-9BC1-7D39F411EB8A}.Debug|x86.ActiveCfg = Debug|Win32
		{304962F6-F7F6-493A-9BC1-7D39F411EB8A}.Debug|x86.Build.0 = Debug|Win32
		{304962F6-F7F6-493A-9BC1-7D39F411EB8A}.Release|x64.ActiveCfg = Release|x64
		{304962F6-F7F6-493A-9BC1-7D39F411EB8A}.Release|x64.Build.0 = Release|x64
		{304962F6-F7F6-493A-9BC1-7D39F411EB8A}.Release|x86.ActiveCfg = Release|Win32
		{304962F6-F7F6-493A-9BC1-7D39F411EB8A}.Release|x86.Build.0 = Release|Win32
	EndGlobalSection
	GlobalSection(SolutionProperties) = preSolution
		HideSolutionNode = FALSE
	EndGlobalSection
	GlobalSection(ExtensibilityGlobals) = postSolution
		SolutionGuid = {F45FFDB3-917B-4B40-90FC-FFB69038D0EA}
	EndGlobalSection
EndGlobal
