
Microsoft Visual Studio Solution File, Format Version 12.00
# Visual Studio 15
VisualStudioVersion = 15.0.28307.168
MinimumVisualStudioVersion = 10.0.40219.1
Project("{8BC9CEB8-8B4A-11D0-8D11-00A0C91BC942}") = "BonusFinal", "BonusFinal\BonusFinal.vcxproj", "{16211143-2900-4163-8BC8-390DF5740BFC}"
EndProject
Global
	GlobalSection(SolutionConfigurationPlatforms) = preSolution
		Debug|x64 = Debug|x64
		Release|x64 = Release|x64
	EndGlobalSection
	GlobalSection(ProjectConfigurationPlatforms) = postSolution
		{16211143-2900-4163-8BC8-390DF5740BFC}.Debug|x64.ActiveCfg = Debug|x64
		{16211143-2900-4163-8BC8-390DF5740BFC}.Debug|x64.Build.0 = Debug|x64
		{16211143-2900-4163-8BC8-390DF5740BFC}.Release|x64.ActiveCfg = Release|x64
		{16211143-2900-4163-8BC8-390DF5740BFC}.Release|x64.Build.0 = Release|x64
	EndGlobalSection
	GlobalSection(SolutionProperties) = preSolution
		HideSolutionNode = FALSE
	EndGlobalSection
	GlobalSection(ExtensibilityGlobals) = postSolution
		SolutionGuid = {136F6AA5-41AC-473A-9712-FE2B2DB882A0}
	EndGlobalSection
EndGlobal
